# THIS IS AN AUTOGENERATED FILE. DO NOT EDIT THIS FILE DIRECTLY.
# yarn lockfile v1


"@assemblyscript/wasi-shim@^0.1":
  version "0.1.0"
  resolved "https://registry.npmjs.org/@assemblyscript/wasi-shim/-/wasi-shim-0.1.0.tgz"
  integrity sha512-fSLH7MdJHf2uDW5llA5VCF/CG62Jp2WkYGui9/3vIWs3jDhViGeQF7nMYLUjpigluM5fnq61I6obtCETy39FZw==

"@blockless/sdk@^1.1.2":
  version "1.1.2"
  resolved "https://registry.npmjs.org/@blockless/sdk/-/sdk-1.1.2.tgz"
  integrity sha512-N7v4CXhLmKahStNUqhV1LG1HZpuk4wllAveMCYZv1N7iEYm5nek6d2s3pvuMLL/ui4hs9zQf0RmCn/XCAdvnmA==
  dependencies:
    as-wasi "^0.6.0"

as-wasi@^0.6.0:
  version "0.6.0"
  resolved "https://registry.npmjs.org/as-wasi/-/as-wasi-0.6.0.tgz"
  integrity sha512-2EHzHhkdnDrgSuO6a1Lm0k/DIxjeupBUpDmli1xpB74y9ArQuvEunc1LqyPT4yfx10lTyaYkzDmelBAcasQH6g==
  dependencies:
    "@assemblyscript/wasi-shim" "^0.1"

assemblyscript@^0.27.9:
  version "0.27.9"
  resolved "https://registry.npmjs.org/assemblyscript/-/assemblyscript-0.27.9.tgz"
  integrity sha512-cFE/AMjVtBQ2iKFZPu/a3Z/KJzGex61C+X+y3GuLJ8Hr9Zdf46sy/JlIl6ikothQd2umM9CQDAD/uAPAEHL+oA==
  dependencies:
    binaryen "112.0.0-nightly.20230411"
    long "^5.2.1"

binaryen@112.0.0-nightly.20230411:
  version "112.0.0-nightly.20230411"
  resolved "https://registry.npmjs.org/binaryen/-/binaryen-112.0.0-nightly.20230411.tgz"
  integrity sha512-4V9r9x9fjAVFZdR2yvBFc3BEJJIBYvd2X8X8k0zAuJsao2gl9wNHDmpQ30QsLo6hgkRfRImkCbCjhXW3RDOYXQ==

long@^5.2.1:
  version "5.2.3"
  resolved "https://registry.npmjs.org/long/-/long-5.2.3.tgz"
  integrity sha512-lcHwpNoggQTObv5apGNCTdJrO69eHOZMi4BNC+rTLER8iHAqGrUVeLh/irVIM7zTw2bOXA8T6uNPeujwOLg/2Q==

prettier@^3.0.3:
  version "3.0.3"
  resolved "https://registry.yarnpkg.com/prettier/-/prettier-3.0.3.tgz#432a51f7ba422d1469096c0fdc28e235db8f9643"
  integrity sha512-L/4pUDMxcNa8R/EthV08Zt42WBO4h1rarVtK0K+QJG0X187OLo7l699jWw0GKuwzkPQ//jMFA/8Xm6Fh3J/DAg==
